{
  "name": "brat2viz_mc",
  "version": "1.0.0",
  "lockfileVersion": 1,
  "requires": true,
  "dependencies": {
    "vis-network": {
      "version": "9.0.4",
      "resolved": "https://registry.npmjs.org/vis-network/-/vis-network-9.0.4.tgz",
      "integrity": "sha512-F/pq8yBJUuB9lNKXHhtn4GP2h91FV0c2O2nvfU34RX4VCYOlqs+mINdz+J+QkWiYhiPdlVy15gzVEzkhJ9hpaw=="
    }
  }
}
